
Microsoft Visual Studio Solution File, Format Version 12.00
Project("{FAE04EC0-301F-11D3-BF4B-00C04F79EFBC}") = "SharedService.Domain", "SharedService.Domain\SharedService.Domain.csproj", "{B96BF924-6142-40B5-ACA2-5EE316FA55A8}"
EndProject
Project("{FAE04EC0-301F-11D3-BF4B-00C04F79EFBC}") = "SharedService.Data", "SharedService.Data\SharedService.Data.csproj", "{ECD7345F-3EA6-4D0A-B1DE-DBD62AFCC7E9}"
EndProject
Project("{FAE04EC0-301F-11D3-BF4B-00C04F79EFBC}") = "SharedService.Contracts", "SharedService.Contracts\SharedService.Contracts.csproj", "{2C1A009C-7E90-4FF7-B4B8-76C917BEF73F}"
EndProject
Global
	GlobalSection(SolutionConfigurationPlatforms) = preSolution
		Debug|Any CPU = Debug|Any CPU
		Release|Any CPU = Release|Any CPU
	EndGlobalSection
	GlobalSection(ProjectConfigurationPlatforms) = postSolution
		{B96BF924-6142-40B5-ACA2-5EE316FA55A8}.Debug|Any CPU.ActiveCfg = Debug|Any CPU
		{B96BF924-6142-40B5-ACA2-5EE316FA55A8}.Debug|Any CPU.Build.0 = Debug|Any CPU
		{B96BF924-6142-40B5-ACA2-5EE316FA55A8}.Release|Any CPU.ActiveCfg = Release|Any CPU
		{B96BF924-6142-40B5-ACA2-5EE316FA55A8}.Release|Any CPU.Build.0 = Release|Any CPU
		{ECD7345F-3EA6-4D0A-B1DE-DBD62AFCC7E9}.Debug|Any CPU.ActiveCfg = Debug|Any CPU
		{ECD7345F-3EA6-4D0A-B1DE-DBD62AFCC7E9}.Debug|Any CPU.Build.0 = Debug|Any CPU
		{ECD7345F-3EA6-4D0A-B1DE-DBD62AFCC7E9}.Release|Any CPU.ActiveCfg = Release|Any CPU
		{ECD7345F-3EA6-4D0A-B1DE-DBD62AFCC7E9}.Release|Any CPU.Build.0 = Release|Any CPU
		{2C1A009C-7E90-4FF7-B4B8-76C917BEF73F}.Debug|Any CPU.ActiveCfg = Debug|Any CPU
		{2C1A009C-7E90-4FF7-B4B8-76C917BEF73F}.Debug|Any CPU.Build.0 = Debug|Any CPU
		{2C1A009C-7E90-4FF7-B4B8-76C917BEF73F}.Release|Any CPU.ActiveCfg = Release|Any CPU
		{2C1A009C-7E90-4FF7-B4B8-76C917BEF73F}.Release|Any CPU.Build.0 = Release|Any CPU
	EndGlobalSection
EndGlobal
