
Microsoft Visual Studio Solution File, Format Version 12.00
Project("{FAE04EC0-301F-11D3-BF4B-00C04F79EFBC}") = "NotificationService.API", "NotificationService.API\NotificationService.API.csproj", "{0369FD11-CB6F-41CF-A8CE-2ED2CBE0CB6E}"
EndProject
Project("{FAE04EC0-301F-11D3-BF4B-00C04F79EFBC}") = "NotificationService.Domain", "NotificationService.Domain\NotificationService.Domain.csproj", "{6A1909C3-9D14-419E-A8C5-23692E9FB8BD}"
EndProject
Project("{FAE04EC0-301F-11D3-BF4B-00C04F79EFBC}") = "NotificationService.Data", "NotificationService.Data\NotificationService.Data.csproj", "{3B681853-0562-4CC2-B48D-48C5A6DC3015}"
EndProject
Project("{FAE04EC0-301F-11D3-BF4B-00C04F79EFBC}") = "NotificationService.Application", "NotificationService.Application\NotificationService.Application.csproj", "{8B0160FB-8971-4E8D-8276-25FD066ED804}"
EndProject
Project("{FAE04EC0-301F-11D3-BF4B-00C04F79EFBC}") = "NotificationService.Contracts", "NotificationService.Contracts\NotificationService.Contracts.csproj", "{0D939068-CAD9-4B44-97D6-D02FF0DE46E0}"
EndProject
Project("{FAE04EC0-301F-11D3-BF4B-00C04F79EFBC}") = "NotificationService.DTO", "NotificationService.DTO\NotificationService.DTO.csproj", "{50ECFCB5-A43C-48D7-96DD-24E68257ECD0}"
EndProject
Global
	GlobalSection(SolutionConfigurationPlatforms) = preSolution
		Debug|Any CPU = Debug|Any CPU
		Release|Any CPU = Release|Any CPU
	EndGlobalSection
	GlobalSection(ProjectConfigurationPlatforms) = postSolution
		{0369FD11-CB6F-41CF-A8CE-2ED2CBE0CB6E}.Debug|Any CPU.ActiveCfg = Debug|Any CPU
		{0369FD11-CB6F-41CF-A8CE-2ED2CBE0CB6E}.Debug|Any CPU.Build.0 = Debug|Any CPU
		{0369FD11-CB6F-41CF-A8CE-2ED2CBE0CB6E}.Release|Any CPU.ActiveCfg = Release|Any CPU
		{0369FD11-CB6F-41CF-A8CE-2ED2CBE0CB6E}.Release|Any CPU.Build.0 = Release|Any CPU
		{6A1909C3-9D14-419E-A8C5-23692E9FB8BD}.Debug|Any CPU.ActiveCfg = Debug|Any CPU
		{6A1909C3-9D14-419E-A8C5-23692E9FB8BD}.Debug|Any CPU.Build.0 = Debug|Any CPU
		{6A1909C3-9D14-419E-A8C5-23692E9FB8BD}.Release|Any CPU.ActiveCfg = Release|Any CPU
		{6A1909C3-9D14-419E-A8C5-23692E9FB8BD}.Release|Any CPU.Build.0 = Release|Any CPU
		{3B681853-0562-4CC2-B48D-48C5A6DC3015}.Debug|Any CPU.ActiveCfg = Debug|Any CPU
		{3B681853-0562-4CC2-B48D-48C5A6DC3015}.Debug|Any CPU.Build.0 = Debug|Any CPU
		{3B681853-0562-4CC2-B48D-48C5A6DC3015}.Release|Any CPU.ActiveCfg = Release|Any CPU
		{3B681853-0562-4CC2-B48D-48C5A6DC3015}.Release|Any CPU.Build.0 = Release|Any CPU
		{8B0160FB-8971-4E8D-8276-25FD066ED804}.Debug|Any CPU.ActiveCfg = Debug|Any CPU
		{8B0160FB-8971-4E8D-8276-25FD066ED804}.Debug|Any CPU.Build.0 = Debug|Any CPU
		{8B0160FB-8971-4E8D-8276-25FD066ED804}.Release|Any CPU.ActiveCfg = Release|Any CPU
		{8B0160FB-8971-4E8D-8276-25FD066ED804}.Release|Any CPU.Build.0 = Release|Any CPU
		{0D939068-CAD9-4B44-97D6-D02FF0DE46E0}.Debug|Any CPU.ActiveCfg = Debug|Any CPU
		{0D939068-CAD9-4B44-97D6-D02FF0DE46E0}.Debug|Any CPU.Build.0 = Debug|Any CPU
		{0D939068-CAD9-4B44-97D6-D02FF0DE46E0}.Release|Any CPU.ActiveCfg = Release|Any CPU
		{0D939068-CAD9-4B44-97D6-D02FF0DE46E0}.Release|Any CPU.Build.0 = Release|Any CPU
		{50ECFCB5-A43C-48D7-96DD-24E68257ECD0}.Debug|Any CPU.ActiveCfg = Debug|Any CPU
		{50ECFCB5-A43C-48D7-96DD-24E68257ECD0}.Debug|Any CPU.Build.0 = Debug|Any CPU
		{50ECFCB5-A43C-48D7-96DD-24E68257ECD0}.Release|Any CPU.ActiveCfg = Release|Any CPU
		{50ECFCB5-A43C-48D7-96DD-24E68257ECD0}.Release|Any CPU.Build.0 = Release|Any CPU
	EndGlobalSection
EndGlobal
