
Microsoft Visual Studio Solution File, Format Version 12.00
Project("{FAE04EC0-301F-11D3-BF4B-00C04F79EFBC}") = "ApiGateway.API", "ApiGateway.API\ApiGateway.API.csproj", "{EF95FEC9-07B1-4442-9893-4FD2A187800F}"
EndProject
Global
	GlobalSection(SolutionConfigurationPlatforms) = preSolution
		Debug|Any CPU = Debug|Any CPU
		Release|Any CPU = Release|Any CPU
	EndGlobalSection
	GlobalSection(ProjectConfigurationPlatforms) = postSolution
		{EF95FEC9-07B1-4442-9893-4FD2A187800F}.Debug|Any CPU.ActiveCfg = Debug|Any CPU
		{EF95FEC9-07B1-4442-9893-4FD2A187800F}.Debug|Any CPU.Build.0 = Debug|Any CPU
		{EF95FEC9-07B1-4442-9893-4FD2A187800F}.Release|Any CPU.ActiveCfg = Release|Any CPU
		{EF95FEC9-07B1-4442-9893-4FD2A187800F}.Release|Any CPU.Build.0 = Release|Any CPU
	EndGlobalSection
EndGlobal
